
Microsoft Visual Studio Solution File, Format Version 12.00
# Visual Studio Version 17
VisualStudioVersion = 17.7.34024.191
MinimumVisualStudioVersion = 10.0.40219.1
Project("{FAE04EC0-301F-11D3-BF4B-00C04F79EFBC}") = "PZ_06 ShirokovDaniil2pk2", "PZ_06 ShirokovDaniil2pk2\PZ_06 ShirokovDaniil2pk2.csproj", "{ACA86122-FB4D-4336-9281-A923A3684900}"
EndProject
Global
	GlobalSection(SolutionConfigurationPlatforms) = preSolution
		Debug|Any CPU = Debug|Any CPU
		Release|Any CPU = Release|Any CPU
	EndGlobalSection
	GlobalSection(ProjectConfigurationPlatforms) = postSolution
		{ACA86122-FB4D-4336-9281-A923A3684900}.Debug|Any CPU.ActiveCfg = Debug|Any CPU
		{ACA86122-FB4D-4336-9281-A923A3684900}.Debug|Any CPU.Build.0 = Debug|Any CPU
		{ACA86122-FB4D-4336-9281-A923A3684900}.Release|Any CPU.ActiveCfg = Release|Any CPU
		{ACA86122-FB4D-4336-9281-A923A3684900}.Release|Any CPU.Build.0 = Release|Any CPU
	EndGlobalSection
	GlobalSection(SolutionProperties) = preSolution
		HideSolutionNode = FALSE
	EndGlobalSection
	GlobalSection(ExtensibilityGlobals) = postSolution
		SolutionGuid = {B0BF96EC-C622-4CAA-8712-A1EF06095059}
	EndGlobalSection
EndGlobal
